
Microsoft Visual Studio Solution File, Format Version 12.00
# Visual Studio Version 17
VisualStudioVersion = 17.4.33213.308
MinimumVisualStudioVersion = 10.0.40219.1
Project("{FAE04EC0-301F-11D3-BF4B-00C04F79EFBC}") = "Web410921896", "Web410921896\Web410921896.csproj", "{14A47793-D185-42A4-ABED-9FEDB9E47C54}"
EndProject
Global
	GlobalSection(SolutionConfigurationPlatforms) = preSolution
		Debug|Any CPU = Debug|Any CPU
		Release|Any CPU = Release|Any CPU
	EndGlobalSection
	GlobalSection(ProjectConfigurationPlatforms) = postSolution
		{14A47793-D185-42A4-ABED-9FEDB9E47C54}.Debug|Any CPU.ActiveCfg = Debug|Any CPU
		{14A47793-D185-42A4-ABED-9FEDB9E47C54}.Debug|Any CPU.Build.0 = Debug|Any CPU
		{14A47793-D185-42A4-ABED-9FEDB9E47C54}.Release|Any CPU.ActiveCfg = Release|Any CPU
		{14A47793-D185-42A4-ABED-9FEDB9E47C54}.Release|Any CPU.Build.0 = Release|Any CPU
	EndGlobalSection
	GlobalSection(SolutionProperties) = preSolution
		HideSolutionNode = FALSE
	EndGlobalSection
	GlobalSection(ExtensibilityGlobals) = postSolution
		SolutionGuid = {62FC9766-BD9C-4801-B15B-ED92AEC80897}
	EndGlobalSection
EndGlobal
